// !$*UTF8*$!
{
	archiveVersion = 1;
	classes = {
	};
	objectVersion = 50;
	objects = {

/* Begin PBXBuildFile section */
		3AAF110022FC1C33008E79BB /* GoogleService-Info.plist in Resources */ = {isa = PBXBuildFile; fileRef = 3AAF10FF22FC1C33008E79BB /* GoogleService-Info.plist */; };
		9B66F57A22FAF3170002E9F9 /* User.swift in Sources */ = {isa = PBXBuildFile; fileRef = 9B66F57922FAF3170002E9F9 /* User.swift */; };
		9BBD862D22FA99A2006D6E14 /* RegisterViewController.swift in Sources */ = {isa = PBXBuildFile; fileRef = 9BBD862C22FA99A2006D6E14 /* RegisterViewController.swift */; };
		9BBD863122FAA4AB006D6E14 /* SuccessViewController.swift in Sources */ = {isa = PBXBuildFile; fileRef = 9BBD863022FAA4AB006D6E14 /* SuccessViewController.swift */; };
		9BD47B2E23027584002EEE09 /* DeviceDetails.swift in Sources */ = {isa = PBXBuildFile; fileRef = 9BD47B2D23027584002EEE09 /* DeviceDetails.swift */; };
		9BD47B302302919E002EEE09 /* (null) in Embed Frameworks */ = {isa = PBXBuildFile; settings = {ATTRIBUTES = (CodeSignOnCopy, RemoveHeadersOnCopy, ); }; };
		9BF41BB222F03E0200423F21 /* AppDelegate.swift in Sources */ = {isa = PBXBuildFile; fileRef = 9BF41BB122F03E0200423F21 /* AppDelegate.swift */; };
		9BF41BB422F03E0200423F21 /* HomeViewController.swift in Sources */ = {isa = PBXBuildFile; fileRef = 9BF41BB322F03E0200423F21 /* HomeViewController.swift */; };
		9BF41BB722F03E0200423F21 /* Main.storyboard in Resources */ = {isa = PBXBuildFile; fileRef = 9BF41BB522F03E0200423F21 /* Main.storyboard */; };
		9BF41BB922F03E0500423F21 /* Assets.xcassets in Resources */ = {isa = PBXBuildFile; fileRef = 9BF41BB822F03E0500423F21 /* Assets.xcassets */; };
		9BF41BBC22F03E0500423F21 /* LaunchScreen.storyboard in Resources */ = {isa = PBXBuildFile; fileRef = 9BF41BBA22F03E0500423F21 /* LaunchScreen.storyboard */; };
		C03F23E3D71E271CF34D1102 /* Pods_simpleiOSApp.framework in Frameworks */ = {isa = PBXBuildFile; fileRef = EA45E57E48A7C02C1D500447 /* Pods_simpleiOSApp.framework */; };
/* End PBXBuildFile section */

/* Begin PBXCopyFilesBuildPhase section */
		9BD47B312302919E002EEE09 /* Embed Frameworks */ = {
			isa = PBXCopyFilesBuildPhase;
			buildActionMask = 2147483647;
			dstPath = "";
			dstSubfolderSpec = 10;
			files = (
				9BD47B302302919E002EEE09 /* (null) in Embed Frameworks */,
			);
			name = "Embed Frameworks";
			runOnlyForDeploymentPostprocessing = 0;
		};
/* End PBXCopyFilesBuildPhase section */

/* Begin PBXFileReference section */
		3AAF10FF22FC1C33008E79BB /* GoogleService-Info.plist */ = {isa = PBXFileReference; fileEncoding = 4; lastKnownFileType = text.plist.xml; path = "GoogleService-Info.plist"; sourceTree = SOURCE_ROOT; };
		9B66F57922FAF3170002E9F9 /* User.swift */ = {isa = PBXFileReference; lastKnownFileType = sourcecode.swift; path = User.swift; sourceTree = "<group>"; };
		9BBD862C22FA99A2006D6E14 /* RegisterViewController.swift */ = {isa = PBXFileReference; lastKnownFileType = sourcecode.swift; path = RegisterViewController.swift; sourceTree = "<group>"; };
		9BBD863022FAA4AB006D6E14 /* SuccessViewController.swift */ = {isa = PBXFileReference; lastKnownFileType = sourcecode.swift; path = SuccessViewController.swift; sourceTree = "<group>"; };
		9BD47B2D23027584002EEE09 /* DeviceDetails.swift */ = {isa = PBXFileReference; lastKnownFileType = sourcecode.swift; path = DeviceDetails.swift; sourceTree = "<group>"; };
		9BF41BAE22F03E0200423F21 /* simpleiOSApp.app */ = {isa = PBXFileReference; explicitFileType = wrapper.application; includeInIndex = 0; path = simpleiOSApp.app; sourceTree = BUILT_PRODUCTS_DIR; };
		9BF41BB122F03E0200423F21 /* AppDelegate.swift */ = {isa = PBXFileReference; lastKnownFileType = sourcecode.swift; path = AppDelegate.swift; sourceTree = "<group>"; };
		9BF41BB322F03E0200423F21 /* HomeViewController.swift */ = {isa = PBXFileReference; lastKnownFileType = sourcecode.swift; path = HomeViewController.swift; sourceTree = "<group>"; };
		9BF41BB622F03E0200423F21 /* Base */ = {isa = PBXFileReference; lastKnownFileType = file.storyboard; name = Base; path = Base.lproj/Main.storyboard; sourceTree = "<group>"; };
		9BF41BB822F03E0500423F21 /* Assets.xcassets */ = {isa = PBXFileReference; lastKnownFileType = folder.assetcatalog; path = Assets.xcassets; sourceTree = "<group>"; };
		9BF41BBB22F03E0500423F21 /* Base */ = {isa = PBXFileReference; lastKnownFileType = file.storyboard; name = Base; path = Base.lproj/LaunchScreen.storyboard; sourceTree = "<group>"; };
		9BF41BBD22F03E0500423F21 /* Info.plist */ = {isa = PBXFileReference; lastKnownFileType = text.plist.xml; path = Info.plist; sourceTree = "<group>"; };
		AAB5318E504424C7722434E7 /* Pods-simpleiOSApp.debug.xcconfig */ = {isa = PBXFileReference; includeInIndex = 1; lastKnownFileType = text.xcconfig; name = "Pods-simpleiOSApp.debug.xcconfig"; path = "Pods/Target Support Files/Pods-simpleiOSApp/Pods-simpleiOSApp.debug.xcconfig"; sourceTree = "<group>"; };
		D1982CE5F7475DB1E7E66070 /* Pods-simpleiOSApp.release.xcconfig */ = {isa = PBXFileReference; includeInIndex = 1; lastKnownFileType = text.xcconfig; name = "Pods-simpleiOSApp.release.xcconfig"; path = "Pods/Target Support Files/Pods-simpleiOSApp/Pods-simpleiOSApp.release.xcconfig"; sourceTree = "<group>"; };
		EA45E57E48A7C02C1D500447 /* Pods_simpleiOSApp.framework */ = {isa = PBXFileReference; explicitFileType = wrapper.framework; includeInIndex = 0; path = Pods_simpleiOSApp.framework; sourceTree = BUILT_PRODUCTS_DIR; };
/* End PBXFileReference section */

/* Begin PBXFrameworksBuildPhase section */
		9BF41BAB22F03E0200423F21 /* Frameworks */ = {
			isa = PBXFrameworksBuildPhase;
			buildActionMask = 2147483647;
			files = (
				C03F23E3D71E271CF34D1102 /* Pods_simpleiOSApp.framework in Frameworks */,
			);
			runOnlyForDeploymentPostprocessing = 0;
		};
/* End PBXFrameworksBuildPhase section */

/* Begin PBXGroup section */
		164ECC81A779C3575E1C74A7 /* Pods */ = {
			isa = PBXGroup;
			children = (
				AAB5318E504424C7722434E7 /* Pods-simpleiOSApp.debug.xcconfig */,
				D1982CE5F7475DB1E7E66070 /* Pods-simpleiOSApp.release.xcconfig */,
			);
			name = Pods;
			sourceTree = "<group>";
		};
		9BBD000D22F98C1800390932 /* Images */ = {
			isa = PBXGroup;
			children = (
			);
			path = Images;
			sourceTree = "<group>";
		};
		9BF41BA522F03E0200423F21 = {
			isa = PBXGroup;
			children = (
				9BF41BB022F03E0200423F21 /* simpleiOSApp */,
				9BF41BAF22F03E0200423F21 /* Products */,
				164ECC81A779C3575E1C74A7 /* Pods */,
				AF9126FC8D9E326CB4A9C6F8 /* Frameworks */,
			);
			sourceTree = "<group>";
		};
		9BF41BAF22F03E0200423F21 /* Products */ = {
			isa = PBXGroup;
			children = (
				9BF41BAE22F03E0200423F21 /* simpleiOSApp.app */,
			);
			name = Products;
			sourceTree = "<group>";
		};
		9BF41BB022F03E0200423F21 /* simpleiOSApp */ = {
			isa = PBXGroup;
			children = (
				3AAF10FF22FC1C33008E79BB /* GoogleService-Info.plist */,
				9BF41BBD22F03E0500423F21 /* Info.plist */,
				9BF41BB122F03E0200423F21 /* AppDelegate.swift */,
				9BF41BB322F03E0200423F21 /* HomeViewController.swift */,
				9BBD862C22FA99A2006D6E14 /* RegisterViewController.swift */,
				9BBD863022FAA4AB006D6E14 /* SuccessViewController.swift */,
				9BF41BB822F03E0500423F21 /* Assets.xcassets */,
				9B66F57922FAF3170002E9F9 /* User.swift */,
				9BD47B2D23027584002EEE09 /* DeviceDetails.swift */,
				9BBD000D22F98C1800390932 /* Images */,
				9BF41BBA22F03E0500423F21 /* LaunchScreen.storyboard */,
				9BF41BB522F03E0200423F21 /* Main.storyboard */,
			);
			path = simpleiOSApp;
			sourceTree = "<group>";
		};
		AF9126FC8D9E326CB4A9C6F8 /* Frameworks */ = {
			isa = PBXGroup;
			children = (
				EA45E57E48A7C02C1D500447 /* Pods_simpleiOSApp.framework */,
			);
			name = Frameworks;
			sourceTree = "<group>";
		};
/* End PBXGroup section */

/* Begin PBXNativeTarget section */
		9BF41BAD22F03E0200423F21 /* simpleiOSApp */ = {
			isa = PBXNativeTarget;
			buildConfigurationList = 9BF41BC022F03E0500423F21 /* Build configuration list for PBXNativeTarget "simpleiOSApp" */;
			buildPhases = (
				507BF0623B221DB3553BCA3C /* [CP] Check Pods Manifest.lock */,
				9BF41BAA22F03E0200423F21 /* Sources */,
				9BF41BAB22F03E0200423F21 /* Frameworks */,
				9BF41BAC22F03E0200423F21 /* Resources */,
				9BD47B312302919E002EEE09 /* Embed Frameworks */,
				3DE4ECFFF3D55FB64B00BA29 /* [CP] Embed Pods Frameworks */,
			);
			buildRules = (
			);
			dependencies = (
			);
			name = simpleiOSApp;
			productName = simpleiOSApp;
			productReference = 9BF41BAE22F03E0200423F21 /* simpleiOSApp.app */;
			productType = "com.apple.product-type.application";
		};
/* End PBXNativeTarget section */

/* Begin PBXProject section */
		9BF41BA622F03E0200423F21 /* Project object */ = {
			isa = PBXProject;
			attributes = {
				LastSwiftUpdateCheck = 1010;
				LastUpgradeCheck = 1010;
				ORGANIZATIONNAME = MIND;
				TargetAttributes = {
					9BF41BAD22F03E0200423F21 = {
						CreatedOnToolsVersion = 10.1;
					};
				};
			};
			buildConfigurationList = 9BF41BA922F03E0200423F21 /* Build configuration list for PBXProject "simpleiOSApp" */;
			compatibilityVersion = "Xcode 9.3";
			developmentRegion = en;
			hasScannedForEncodings = 0;
			knownRegions = (
				en,
				Base,
			);
			mainGroup = 9BF41BA522F03E0200423F21;
			productRefGroup = 9BF41BAF22F03E0200423F21 /* Products */;
			projectDirPath = "";
			projectRoot = "";
			targets = (
				9BF41BAD22F03E0200423F21 /* simpleiOSApp */,
			);
		};
/* End PBXProject section */

/* Begin PBXResourcesBuildPhase section */
		9BF41BAC22F03E0200423F21 /* Resources */ = {
			isa = PBXResourcesBuildPhase;
			buildActionMask = 2147483647;
			files = (
				3AAF110022FC1C33008E79BB /* GoogleService-Info.plist in Resources */,
				9BF41BBC22F03E0500423F21 /* LaunchScreen.storyboard in Resources */,
				9BF41BB922F03E0500423F21 /* Assets.xcassets in Resources */,
				9BF41BB722F03E0200423F21 /* Main.storyboard in Resources */,
			);
			runOnlyForDeploymentPostprocessing = 0;
		};
/* End PBXResourcesBuildPhase section */

/* Begin PBXShellScriptBuildPhase section */
		3DE4ECFFF3D55FB64B00BA29 /* [CP] Embed Pods Frameworks */ = {
			isa = PBXShellScriptBuildPhase;
			buildActionMask = 2147483647;
			files = (
			);
			inputFileListPaths = (
			);
			inputPaths = (
				"${SRCROOT}/Pods/Target Support Files/Pods-simpleiOSApp/Pods-simpleiOSApp-frameworks.sh",
				"${BUILT_PRODUCTS_DIR}/BoringSSL-GRPC/openssl_grpc.framework",
				"${BUILT_PRODUCTS_DIR}/GTMSessionFetcher/GTMSessionFetcher.framework",
				"${BUILT_PRODUCTS_DIR}/GoogleUtilities/GoogleUtilities.framework",
				"${BUILT_PRODUCTS_DIR}/MBProgressHUD/MBProgressHUD.framework",
				"${BUILT_PRODUCTS_DIR}/Protobuf/Protobuf.framework",
				"${BUILT_PRODUCTS_DIR}/gRPC-C++/grpcpp.framework",
				"${BUILT_PRODUCTS_DIR}/gRPC-Core/grpc.framework",
				"${BUILT_PRODUCTS_DIR}/leveldb-library/leveldb.framework",
				"${BUILT_PRODUCTS_DIR}/nanopb/nanopb.framework",
			);
			name = "[CP] Embed Pods Frameworks";
			outputFileListPaths = (
			);
			outputPaths = (
				"${TARGET_BUILD_DIR}/${FRAMEWORKS_FOLDER_PATH}/openssl_grpc.framework",
				"${TARGET_BUILD_DIR}/${FRAMEWORKS_FOLDER_PATH}/GTMSessionFetcher.framework",
				"${TARGET_BUILD_DIR}/${FRAMEWORKS_FOLDER_PATH}/GoogleUtilities.framework",
				"${TARGET_BUILD_DIR}/${FRAMEWORKS_FOLDER_PATH}/MBProgressHUD.framework",
				"${TARGET_BUILD_DIR}/${FRAMEWORKS_FOLDER_PATH}/Protobuf.framework",
				"${TARGET_BUILD_DIR}/${FRAMEWORKS_FOLDER_PATH}/grpcpp.framework",
				"${TARGET_BUILD_DIR}/${FRAMEWORKS_FOLDER_PATH}/grpc.framework",
				"${TARGET_BUILD_DIR}/${FRAMEWORKS_FOLDER_PATH}/leveldb.framework",
				"${TARGET_BUILD_DIR}/${FRAMEWORKS_FOLDER_PATH}/nanopb.framework",
			);
			runOnlyForDeploymentPostprocessing = 0;
			shellPath = /bin/sh;
			shellScript = "\"${SRCROOT}/Pods/Target Support Files/Pods-simpleiOSApp/Pods-simpleiOSApp-frameworks.sh\"\n";
			showEnvVarsInLog = 0;
		};
		507BF0623B221DB3553BCA3C /* [CP] Check Pods Manifest.lock */ = {
			isa = PBXShellScriptBuildPhase;
			buildActionMask = 2147483647;
			files = (
			);
			inputFileListPaths = (
			);
			inputPaths = (
				"${PODS_PODFILE_DIR_PATH}/Podfile.lock",
				"${PODS_ROOT}/Manifest.lock",
			);
			name = "[CP] Check Pods Manifest.lock";
			outputFileListPaths = (
			);
			outputPaths = (
				"$(DERIVED_FILE_DIR)/Pods-simpleiOSApp-checkManifestLockResult.txt",
			);
			runOnlyForDeploymentPostprocessing = 0;
			shellPath = /bin/sh;
			shellScript = "diff \"${PODS_PODFILE_DIR_PATH}/Podfile.lock\" \"${PODS_ROOT}/Manifest.lock\" > /dev/null\nif [ $? != 0 ] ; then\n    # print error to STDERR\n    echo \"error: The sandbox is not in sync with the Podfile.lock. Run 'pod install' or update your CocoaPods installation.\" >&2\n    exit 1\nfi\n# This output is used by Xcode 'outputs' to avoid re-running this script phase.\necho \"SUCCESS\" > \"${SCRIPT_OUTPUT_FILE_0}\"\n";
			showEnvVarsInLog = 0;
		};
/* End PBXShellScriptBuildPhase section */

/* Begin PBXSourcesBuildPhase section */
		9BF41BAA22F03E0200423F21 /* Sources */ = {
			isa = PBXSourcesBuildPhase;
			buildActionMask = 2147483647;
			files = (
				9BD47B2E23027584002EEE09 /* DeviceDetails.swift in Sources */,
				9BBD862D22FA99A2006D6E14 /* RegisterViewController.swift in Sources */,
				9BF41BB422F03E0200423F21 /* HomeViewController.swift in Sources */,
				9BBD863122FAA4AB006D6E14 /* SuccessViewController.swift in Sources */,
				9B66F57A22FAF3170002E9F9 /* User.swift in Sources */,
				9BF41BB222F03E0200423F21 /* AppDelegate.swift in Sources */,
			);
			runOnlyForDeploymentPostprocessing = 0;
		};
/* End PBXSourcesBuildPhase section */

/* Begin PBXVariantGroup section */
		9BF41BB522F03E0200423F21 /* Main.storyboard */ = {
			isa = PBXVariantGroup;
			children = (
				9BF41BB622F03E0200423F21 /* Base */,
			);
			name = Main.storyboard;
			sourceTree = "<group>";
		};
		9BF41BBA22F03E0500423F21 /* LaunchScreen.storyboard */ = {
			isa = PBXVariantGroup;
			children = (
				9BF41BBB22F03E0500423F21 /* Base */,
			);
			name = LaunchScreen.storyboard;
			sourceTree = "<group>";
		};
/* End PBXVariantGroup section */

/* Begin XCBuildConfiguration section */
		9BF41BBE22F03E0500423F21 /* Debug */ = {
			isa = XCBuildConfiguration;
			buildSettings = {
				ALWAYS_SEARCH_USER_PATHS = NO;
				CLANG_ANALYZER_NONNULL = YES;
				CLANG_ANALYZER_NUMBER_OBJECT_CONVERSION = YES_AGGRESSIVE;
				CLANG_CXX_LANGUAGE_STANDARD = "gnu++14";
				CLANG_CXX_LIBRARY = "libc++";
				CLANG_ENABLE_MODULES = YES;
				CLANG_ENABLE_OBJC_ARC = YES;
				CLANG_ENABLE_OBJC_WEAK = YES;
				CLANG_WARN_BLOCK_CAPTURE_AUTORELEASING = YES;
				CLANG_WARN_BOOL_CONVERSION = YES;
				CLANG_WARN_COMMA = YES;
				CLANG_WARN_CONSTANT_CONVERSION = YES;
				CLANG_WARN_DEPRECATED_OBJC_IMPLEMENTATIONS = YES;
				CLANG_WARN_DIRECT_OBJC_ISA_USAGE = YES_ERROR;
				CLANG_WARN_DOCUMENTATION_COMMENTS = YES;
				CLANG_WARN_EMPTY_BODY = YES;
				CLANG_WARN_ENUM_CONVERSION = YES;
				CLANG_WARN_INFINITE_RECURSION = YES;
				CLANG_WARN_INT_CONVERSION = YES;
				CLANG_WARN_NON_LITERAL_NULL_CONVERSION = YES;
				CLANG_WARN_OBJC_IMPLICIT_RETAIN_SELF = YES;
				CLANG_WARN_OBJC_LITERAL_CONVERSION = YES;
				CLANG_WARN_OBJC_ROOT_CLASS = YES_ERROR;
				CLANG_WARN_RANGE_LOOP_ANALYSIS = YES;
				CLANG_WARN_STRICT_PROTOTYPES = YES;
				CLANG_WARN_SUSPICIOUS_MOVE = YES;
				CLANG_WARN_UNGUARDED_AVAILABILITY = YES_AGGRESSIVE;
				CLANG_WARN_UNREACHABLE_CODE = YES;
				CLANG_WARN__DUPLICATE_METHOD_MATCH = YES;
				CODE_SIGN_IDENTITY = "iPhone Developer";
				COPY_PHASE_STRIP = NO;
				DEBUG_INFORMATION_FORMAT = dwarf;
				ENABLE_STRICT_OBJC_MSGSEND = YES;
				ENABLE_TESTABILITY = YES;
				GCC_C_LANGUAGE_STANDARD = gnu11;
				GCC_DYNAMIC_NO_PIC = NO;
				GCC_NO_COMMON_BLOCKS = YES;
				GCC_OPTIMIZATION_LEVEL = 0;
				GCC_PREPROCESSOR_DEFINITIONS = (
					"DEBUG=1",
					"$(inherited)",
				);
				GCC_WARN_64_TO_32_BIT_CONVERSION = YES;
				GCC_WARN_ABOUT_RETURN_TYPE = YES_ERROR;
				GCC_WARN_UNDECLARED_SELECTOR = YES;
				GCC_WARN_UNINITIALIZED_AUTOS = YES_AGGRESSIVE;
				GCC_WARN_UNUSED_FUNCTION = YES;
				GCC_WARN_UNUSED_VARIABLE = YES;
				IPHONEOS_DEPLOYMENT_TARGET = 12.1;
				MTL_ENABLE_DEBUG_INFO = INCLUDE_SOURCE;
				MTL_FAST_MATH = YES;
				ONLY_ACTIVE_ARCH = YES;
				SDKROOT = iphoneos;
				SWIFT_ACTIVE_COMPILATION_CONDITIONS = DEBUG;
				SWIFT_OPTIMIZATION_LEVEL = "-Onone";
			};
			name = Debug;
		};
		9BF41BBF22F03E0500423F21 /* Release */ = {
			isa = XCBuildConfiguration;
			buildSettings = {
				ALWAYS_SEARCH_USER_PATHS = NO;
				CLANG_ANALYZER_NONNULL = YES;
				CLANG_ANALYZER_NUMBER_OBJECT_CONVERSION = YES_AGGRESSIVE;
				CLANG_CXX_LANGUAGE_STANDARD = "gnu++14";
				CLANG_CXX_LIBRARY = "libc++";
				CLANG_ENABLE_MODULES = YES;
				CLANG_ENABLE_OBJC_ARC = YES;
				CLANG_ENABLE_OBJC_WEAK = YES;
				CLANG_WARN_BLOCK_CAPTURE_AUTORELEASING = YES;
				CLANG_WARN_BOOL_CONVERSION = YES;
				CLANG_WARN_COMMA = YES;
				CLANG_WARN_CONSTANT_CONVERSION = YES;
				CLANG_WARN_DEPRECATED_OBJC_IMPLEMENTATIONS = YES;
				CLANG_WARN_DIRECT_OBJC_ISA_USAGE = YES_ERROR;
				CLANG_WARN_DOCUMENTATION_COMMENTS = YES;
				CLANG_WARN_EMPTY_BODY = YES;
				CLANG_WARN_ENUM_CONVERSION = YES;
				CLANG_WARN_INFINITE_RECURSION = YES;
				CLANG_WARN_INT_CONVERSION = YES;
				CLANG_WARN_NON_LITERAL_NULL_CONVERSION = YES;
				CLANG_WARN_OBJC_IMPLICIT_RETAIN_SELF = YES;
				CLANG_WARN_OBJC_LITERAL_CONVERSION = YES;
				CLANG_WARN_OBJC_ROOT_CLASS = YES_ERROR;
				CLANG_WARN_RANGE_LOOP_ANALYSIS = YES;
				CLANG_WARN_STRICT_PROTOTYPES = YES;
				CLANG_WARN_SUSPICIOUS_MOVE = YES;
				CLANG_WARN_UNGUARDED_AVAILABILITY = YES_AGGRESSIVE;
				CLANG_WARN_UNREACHABLE_CODE = YES;
				CLANG_WARN__DUPLICATE_METHOD_MATCH = YES;
				CODE_SIGN_IDENTITY = "iPhone Developer";
				COPY_PHASE_STRIP = NO;
				DEBUG_INFORMATION_FORMAT = "dwarf-with-dsym";
				ENABLE_NS_ASSERTIONS = NO;
				ENABLE_STRICT_OBJC_MSGSEND = YES;
				GCC_C_LANGUAGE_STANDARD = gnu11;
				GCC_NO_COMMON_BLOCKS = YES;
				GCC_WARN_64_TO_32_BIT_CONVERSION = YES;
				GCC_WARN_ABOUT_RETURN_TYPE = YES_ERROR;
				GCC_WARN_UNDECLARED_SELECTOR = YES;
				GCC_WARN_UNINITIALIZED_AUTOS = YES_AGGRESSIVE;
				GCC_WARN_UNUSED_FUNCTION = YES;
				GCC_WARN_UNUSED_VARIABLE = YES;
				IPHONEOS_DEPLOYMENT_TARGET = 12.1;
				MTL_ENABLE_DEBUG_INFO = NO;
				MTL_FAST_MATH = YES;
				SDKROOT = iphoneos;
				SWIFT_COMPILATION_MODE = wholemodule;
				SWIFT_OPTIMIZATION_LEVEL = "-O";
				VALIDATE_PRODUCT = YES;
			};
			name = Release;
		};
		9BF41BC122F03E0500423F21 /* Debug */ = {
			isa = XCBuildConfiguration;
			baseConfigurationReference = AAB5318E504424C7722434E7 /* Pods-simpleiOSApp.debug.xcconfig */;
			buildSettings = {
				ASSETCATALOG_COMPILER_APPICON_NAME = AppIcon;
				CODE_SIGN_STYLE = Manual;
				DEVELOPMENT_TEAM = 6WK6D8XLY9;
				INFOPLIST_FILE = simpleiOSApp/Info.plist;
				LD_RUNPATH_SEARCH_PATHS = (
					"$(inherited)",
					"@executable_path/Frameworks",
				);
				PRODUCT_BUNDLE_IDENTIFIER = com.motherson.connect.luckyworld;
				PRODUCT_NAME = "$(TARGET_NAME)";
				PROVISIONING_PROFILE_SPECIFIER = "LuckyWorld Development profile";
				SWIFT_VERSION = 4.2;
				TARGETED_DEVICE_FAMILY = "1,2";
			};
			name = Debug;
		};
		9BF41BC222F03E0500423F21 /* Release */ = {
			isa = XCBuildConfiguration;
			baseConfigurationReference = D1982CE5F7475DB1E7E66070 /* Pods-simpleiOSApp.release.xcconfig */;
			buildSettings = {
				ASSETCATALOG_COMPILER_APPICON_NAME = AppIcon;
				CODE_SIGN_IDENTITY = "iPhone Distribution";
				CODE_SIGN_STYLE = Manual;
				DEVELOPMENT_TEAM = 6WK6D8XLY9;
				INFOPLIST_FILE = simpleiOSApp/Info.plist;
				LD_RUNPATH_SEARCH_PATHS = (
					"$(inherited)",
					"@executable_path/Frameworks",
				);
				PRODUCT_BUNDLE_IDENTIFIER = com.motherson.connect.luckyworld;
				PRODUCT_NAME = "$(TARGET_NAME)";
				PROVISIONING_PROFILE_SPECIFIER = "LuckyWorld Distribution profile";
				SWIFT_VERSION = 4.2;
				TARGETED_DEVICE_FAMILY = "1,2";
			};
			name = Release;
		};
/* End XCBuildConfiguration section */

/* Begin XCConfigurationList section */
		9BF41BA922F03E0200423F21 /* Build configuration list for PBXProject "simpleiOSApp" */ = {
			isa = XCConfigurationList;
			buildConfigurations = (
				9BF41BBE22F03E0500423F21 /* Debug */,
				9BF41BBF22F03E0500423F21 /* Release */,
			);
			defaultConfigurationIsVisible = 0;
			defaultConfigurationName = Release;
		};
		9BF41BC022F03E0500423F21 /* Build configuration list for PBXNativeTarget "simpleiOSApp" */ = {
			isa = XCConfigurationList;
			buildConfigurations = (
				9BF41BC122F03E0500423F21 /* Debug */,
				9BF41BC222F03E0500423F21 /* Release */,
			);
			defaultConfigurationIsVisible = 0;
			defaultConfigurationName = Release;
		};
/* End XCConfigurationList section */
	};
	rootObject = 9BF41BA622F03E0200423F21 /* Project object */;
}
